
Microsoft Visual Studio Solution File, Format Version 12.00
# Visual Studio Version 17
VisualStudioVersion = 17.14.37012.4
MinimumVisualStudioVersion = 10.0.40219.1
Project("{FAE04EC0-301F-11D3-BF4B-00C04F79EFBC}") = "SE3-C", "SE3-C\SE3-C.csproj", "{BA2F777C-F265-4E44-9547-13B255BFC999}"
EndProject
Project("{888888A0-9F3D-457C-B088-3A5042F75D52}") = "SE3-P", "SE3-P\SE3-P.pyproj", "{9E48A79C-B7D7-4FB3-9F5A-33DC15C005A6}"
EndProject
Project("{FAE04EC0-301F-11D3-BF4B-00C04F79EFBC}") = "SEM4-C", "SEM4-C\SEM4-C.csproj", "{3E5AAECA-BEF0-4104-A9C0-75D051965B56}"
EndProject
Project("{888888A0-9F3D-457C-B088-3A5042F75D52}") = "SE4-P", "SE4-P\SE4-P.pyproj", "{C923370D-348E-4BB1-908A-4D22A4170132}"
EndProject
Project("{FAE04EC0-301F-11D3-BF4B-00C04F79EFBC}") = "SEM5-C", "SEM5-C\SEM5-C.csproj", "{EA96552A-41EE-4038-97DC-B10580E52954}"
EndProject
Project("{FAE04EC0-301F-11D3-BF4B-00C04F79EFBC}") = "SE7-C", "SE7-C\SE7-C.csproj", "{1E458AC6-CDC1-4D4F-953D-74F6BD1D3C19}"
EndProject
Global
	GlobalSection(SolutionConfigurationPlatforms) = preSolution
		Debug|Any CPU = Debug|Any CPU
		Release|Any CPU = Release|Any CPU
	EndGlobalSection
	GlobalSection(ProjectConfigurationPlatforms) = postSolution
		{BA2F777C-F265-4E44-9547-13B255BFC999}.Debug|Any CPU.ActiveCfg = Debug|Any CPU
		{BA2F777C-F265-4E44-9547-13B255BFC999}.Debug|Any CPU.Build.0 = Debug|Any CPU
		{BA2F777C-F265-4E44-9547-13B255BFC999}.Release|Any CPU.ActiveCfg = Release|Any CPU
		{BA2F777C-F265-4E44-9547-13B255BFC999}.Release|Any CPU.Build.0 = Release|Any CPU
		{9E48A79C-B7D7-4FB3-9F5A-33DC15C005A6}.Debug|Any CPU.ActiveCfg = Debug|Any CPU
		{9E48A79C-B7D7-4FB3-9F5A-33DC15C005A6}.Release|Any CPU.ActiveCfg = Release|Any CPU
		{3E5AAECA-BEF0-4104-A9C0-75D051965B56}.Debug|Any CPU.ActiveCfg = Debug|Any CPU
		{3E5AAECA-BEF0-4104-A9C0-75D051965B56}.Debug|Any CPU.Build.0 = Debug|Any CPU
		{3E5AAECA-BEF0-4104-A9C0-75D051965B56}.Release|Any CPU.ActiveCfg = Release|Any CPU
		{3E5AAECA-BEF0-4104-A9C0-75D051965B56}.Release|Any CPU.Build.0 = Release|Any CPU
		{C923370D-348E-4BB1-908A-4D22A4170132}.Debug|Any CPU.ActiveCfg = Debug|Any CPU
		{C923370D-348E-4BB1-908A-4D22A4170132}.Release|Any CPU.ActiveCfg = Release|Any CPU
		{EA96552A-41EE-4038-97DC-B10580E52954}.Debug|Any CPU.ActiveCfg = Debug|Any CPU
		{EA96552A-41EE-4038-97DC-B10580E52954}.Debug|Any CPU.Build.0 = Debug|Any CPU
		{EA96552A-41EE-4038-97DC-B10580E52954}.Release|Any CPU.ActiveCfg = Release|Any CPU
		{EA96552A-41EE-4038-97DC-B10580E52954}.Release|Any CPU.Build.0 = Release|Any CPU
		{1E458AC6-CDC1-4D4F-953D-74F6BD1D3C19}.Debug|Any CPU.ActiveCfg = Debug|Any CPU
		{1E458AC6-CDC1-4D4F-953D-74F6BD1D3C19}.Debug|Any CPU.Build.0 = Debug|Any CPU
		{1E458AC6-CDC1-4D4F-953D-74F6BD1D3C19}.Release|Any CPU.ActiveCfg = Release|Any CPU
		{1E458AC6-CDC1-4D4F-953D-74F6BD1D3C19}.Release|Any CPU.Build.0 = Release|Any CPU
	EndGlobalSection
	GlobalSection(SolutionProperties) = preSolution
		HideSolutionNode = FALSE
	EndGlobalSection
	GlobalSection(ExtensibilityGlobals) = postSolution
		SolutionGuid = {0AAB4635-740A-4473-A2A2-F9EF244FC30B}
	EndGlobalSection
EndGlobal
